
Microsoft Visual Studio Solution File, Format Version 12.00
# Visual Studio Version 16
VisualStudioVersion = 16.0.34301.259
MinimumVisualStudioVersion = 10.0.40219.1
Project("{FAE04EC0-301F-11D3-BF4B-00C04F79EFBC}") = "CutinTableEditor", "CutinTableEditor.csproj", "{F51A28D4-1881-42DE-A903-278A60C240B6}"
EndProject
Global
	GlobalSection(SolutionConfigurationPlatforms) = preSolution
		Debug|Any CPU = Debug|Any CPU
		Release|Any CPU = Release|Any CPU
	EndGlobalSection
	GlobalSection(ProjectConfigurationPlatforms) = postSolution
		{F51A28D4-1881-42DE-A903-278A60C240B6}.Debug|Any CPU.ActiveCfg = Debug|Any CPU
		{F51A28D4-1881-42DE-A903-278A60C240B6}.Debug|Any CPU.Build.0 = Debug|Any CPU
		{F51A28D4-1881-42DE-A903-278A60C240B6}.Release|Any CPU.ActiveCfg = Release|Any CPU
		{F51A28D4-1881-42DE-A903-278A60C240B6}.Release|Any CPU.Build.0 = Release|Any CPU
	EndGlobalSection
	GlobalSection(SolutionProperties) = preSolution
		HideSolutionNode = FALSE
	EndGlobalSection
	GlobalSection(ExtensibilityGlobals) = postSolution
		SolutionGuid = {37473248-B158-476A-9A82-E4C469C167E9}
	EndGlobalSection
EndGlobal
